
Microsoft Visual Studio Solution File, Format Version 12.00
# Visual Studio 15
VisualStudioVersion = 15.0.28307.1684
MinimumVisualStudioVersion = 10.0.40219.1
Project("{FAE04EC0-301F-11D3-BF4B-00C04F79EFBC}") = "PerfectWebERP", "PerfectWebERP.csproj", "{2F428FCB-663B-4C8A-983C-88A3EDDDC33A}"
EndProject
Global
	GlobalSection(SolutionConfigurationPlatforms) = preSolution
		Debug|Any CPU = Debug|Any CPU
		Release|Any CPU = Release|Any CPU
	EndGlobalSection
	GlobalSection(ProjectConfigurationPlatforms) = postSolution
		{2F428FCB-663B-4C8A-983C-88A3EDDDC33A}.Debug|Any CPU.ActiveCfg = Debug|Any CPU
		{2F428FCB-663B-4C8A-983C-88A3EDDDC33A}.Debug|Any CPU.Build.0 = Debug|Any CPU
		{2F428FCB-663B-4C8A-983C-88A3EDDDC33A}.Release|Any CPU.ActiveCfg = Release|Any CPU
		{2F428FCB-663B-4C8A-983C-88A3EDDDC33A}.Release|Any CPU.Build.0 = Release|Any CPU
	EndGlobalSection
	GlobalSection(SolutionProperties) = preSolution
		HideSolutionNode = FALSE
	EndGlobalSection
	GlobalSection(ExtensibilityGlobals) = postSolution
		SolutionGuid = {1C5EB81D-452C-4DB5-A715-66794B343529}
	EndGlobalSection
EndGlobal
